
Microsoft Visual Studio Solution File, Format Version 12.00
# Visual Studio Version 16
VisualStudioVersion = 16.0.31025.194
MinimumVisualStudioVersion = 10.0.40219.1
Project("{FAE04EC0-301F-11D3-BF4B-00C04F79EFBC}") = "ConsoleAPP1", "ConsoleAPP1\ConsoleAPP1.csproj", "{E44E8008-2116-446F-9F2B-55D9679F88ED}"
EndProject
Global
	GlobalSection(SolutionConfigurationPlatforms) = preSolution
		Debug|Any CPU = Debug|Any CPU
		Release|Any CPU = Release|Any CPU
	EndGlobalSection
	GlobalSection(ProjectConfigurationPlatforms) = postSolution
		{E44E8008-2116-446F-9F2B-55D9679F88ED}.Debug|Any CPU.ActiveCfg = Debug|Any CPU
		{E44E8008-2116-446F-9F2B-55D9679F88ED}.Debug|Any CPU.Build.0 = Debug|Any CPU
		{E44E8008-2116-446F-9F2B-55D9679F88ED}.Release|Any CPU.ActiveCfg = Release|Any CPU
		{E44E8008-2116-446F-9F2B-55D9679F88ED}.Release|Any CPU.Build.0 = Release|Any CPU
	EndGlobalSection
	GlobalSection(SolutionProperties) = preSolution
		HideSolutionNode = FALSE
	EndGlobalSection
	GlobalSection(ExtensibilityGlobals) = postSolution
		SolutionGuid = {2AB9A1C0-B40B-444E-84C7-F405D5224ABF}
	EndGlobalSection
EndGlobal
